
Microsoft Visual Studio Solution File, Format Version 12.00
# Visual Studio Version 16
VisualStudioVersion = 16.0.30523.141
MinimumVisualStudioVersion = 10.0.40219.1
Project("{FAE04EC0-301F-11D3-BF4B-00C04F79EFBC}") = "LoadFleetsFromAllFolders", "LoadFleetsFromAllFolders\LoadFleetsFromAllFolders.csproj", "{AE6A2E72-94D2-4512-94C8-25D4537AE2AE}"
EndProject
Global
	GlobalSection(SolutionConfigurationPlatforms) = preSolution
		Debug|Any CPU = Debug|Any CPU
		Release|Any CPU = Release|Any CPU
	EndGlobalSection
	GlobalSection(ProjectConfigurationPlatforms) = postSolution
		{AE6A2E72-94D2-4512-94C8-25D4537AE2AE}.Debug|Any CPU.ActiveCfg = Debug|Any CPU
		{AE6A2E72-94D2-4512-94C8-25D4537AE2AE}.Debug|Any CPU.Build.0 = Debug|Any CPU
		{AE6A2E72-94D2-4512-94C8-25D4537AE2AE}.Release|Any CPU.ActiveCfg = Release|Any CPU
		{AE6A2E72-94D2-4512-94C8-25D4537AE2AE}.Release|Any CPU.Build.0 = Release|Any CPU
	EndGlobalSection
	GlobalSection(SolutionProperties) = preSolution
		HideSolutionNode = FALSE
	EndGlobalSection
	GlobalSection(ExtensibilityGlobals) = postSolution
		SolutionGuid = {89AC7E4B-655F-40FF-B698-1C07BA188E74}
	EndGlobalSection
EndGlobal
